<?xml version="1.0" encoding="utf-8"?>
<Project ToolsVersion="4.0" xmlns="http://schemas.microsoft.com/developer/msbuild/2003">
  <ItemGroup>
    <Filter Include="Source Files">
      <UniqueIdentifier>{4FC737F1-C7A5-4376-A066-2A32D752A2FF}</UniqueIdentifier>
      <Extensions>cpp;c;cc;cxx;c++;cppm;ixx;def;odl;idl;hpj;bat;asm;asmx</Extensions>
    </Filter>
    <Filter Include="Header Files">
      <UniqueIdentifier>{93995380-89BD-4b04-88EB-625FBE52EBFB}</UniqueIdentifier>
      <Extensions>h;hh;hpp;hxx;h++;hm;inl;inc;ipp;xsd</Extensions>
    </Filter>
    <Filter Include="Resource Files">
      <UniqueIdentifier>{67DA6AB6-F800-4c08-8B7A-83BB121AAD01}</UniqueIdentifier>
      <Extensions>rc;ico;cur;bmp;dlg;rc2;rct;bin;rgs;gif;jpg;jpeg;jpe;resx;tiff;tif;png;wav;mfcribbon-ms</Extensions>
    </Filter>
  </ItemGroup>
  <ItemGroup>
    <ClInclude Include="Usuario.h">
      <Filter>Header Files</Filter>
    </ClInclude>
    <ClInclude Include="Pedido.h">
      <Filter>Header Files</Filter>
    </ClInclude>
    <ClInclude Include="Comprar.h">
      <Filter>Header Files</Filter>
    </ClInclude>
    <ClInclude Include="Envio.h">
      <Filter>Header Files</Filter>
    </ClInclude>
    <ClInclude Include="CatalogoVestimenta.h">
      <Filter>Header Files</Filter>
    </ClInclude>
    <ClInclude Include="Marca.h">
      <Filter>Header Files</Filter>
    </ClInclude>
    <ClInclude Include="Oferta.h">
      <Filter>Header Files</Filter>
    </ClInclude>
    <ClInclude Include="Temporada.h">
      <Filter>Header Files</Filter>
    </ClInclude>
    <ClInclude Include="CarritoCompras.h">
      <Filter>Header Files</Filter>
    </ClInclude>
    <ClInclude Include="Favoritos.h">
      <Filter>Header Files</Filter>
    </ClInclude>
    <ClInclude Include="HIstorialCompras.h">
      <Filter>Header Files</Filter>
    </ClInclude>
    <ClInclude Include="Vestimenta.h">
      <Filter>Header Files</Filter>
    </ClInclude>
    <ClInclude Include="GestorUsuarios.h">
      <Filter>Header Files</Filter>
    </ClInclude>
    <ClInclude Include="Cliente.h">
      <Filter>Header Files</Filter>
    </ClInclude>
    <ClInclude Include="Vendedor.h">
      <Filter>Header Files</Filter>
    </ClInclude>
    <ClInclude Include="Distribuidor.h">
      <Filter>Header Files</Filter>
    </ClInclude>
    <ClInclude Include="pila.h">
      <Filter>Header Files</Filter>
    </ClInclude>
    <ClInclude Include="cola.h">
      <Filter>Header Files</Filter>
    </ClInclude>
    <ClInclude Include="HashTabla.h">
      <Filter>Header Files</Filter>
    </ClInclude>
    <ClInclude Include="HashEntidad.h">
      <Filter>Header Files</Filter>
    </ClInclude>
    <ClInclude Include="arbol.h">
      <Filter>Header Files</Filter>
    </ClInclude>
  </ItemGroup>
  <ItemGroup>
    <ClCompile Include="Pedido.cpp">
      <Filter>Source Files</Filter>
    </ClCompile>
    <ClCompile Include="Comprar.cpp">
      <Filter>Source Files</Filter>
    </ClCompile>
    <ClCompile Include="Envio.cpp">
      <Filter>Source Files</Filter>
    </ClCompile>
    <ClCompile Include="CatalogoVestimenta.cpp">
      <Filter>Source Files</Filter>
    </ClCompile>
    <ClCompile Include="Marca.cpp">
      <Filter>Source Files</Filter>
    </ClCompile>
    <ClCompile Include="Oferta.cpp">
      <Filter>Source Files</Filter>
    </ClCompile>
    <ClCompile Include="Temporada.cpp">
      <Filter>Source Files</Filter>
    </ClCompile>
    <ClCompile Include="TP_Algoritmos.cpp">
      <Filter>Source Files</Filter>
    </ClCompile>
    <ClCompile Include="CarritoCompras.cpp">
      <Filter>Source Files</Filter>
    </ClCompile>
    <ClCompile Include="Favoritos.cpp">
      <Filter>Source Files</Filter>
    </ClCompile>
    <ClCompile Include="HIstorialCompras.cpp">
      <Filter>Source Files</Filter>
    </ClCompile>
    <ClCompile Include="Vestimenta.cpp">
      <Filter>Source Files</Filter>
    </ClCompile>
    <ClCompile Include="GestorUsuarios.cpp">
      <Filter>Source Files</Filter>
    </ClCompile>
    <ClCompile Include="Cliente.cpp">
      <Filter>Source Files</Filter>
    </ClCompile>
    <ClCompile Include="Vendedor.cpp">
      <Filter>Source Files</Filter>
    </ClCompile>
    <ClCompile Include="Distribuidor.cpp">
      <Filter>Source Files</Filter>
    </ClCompile>
    <ClCompile Include="pila.cpp">
      <Filter>Source Files</Filter>
    </ClCompile>
    <ClCompile Include="cola.cpp">
      <Filter>Source Files</Filter>
    </ClCompile>
    <ClCompile Include="HashTabla.cpp">
      <Filter>Source Files</Filter>
    </ClCompile>
    <ClCompile Include="HashEntidad.cpp">
      <Filter>Source Files</Filter>
    </ClCompile>
    <ClCompile Include="arbol.cpp">
      <Filter>Source Files</Filter>
    </ClCompile>
  </ItemGroup>
</Project>